
Microsoft Visual Studio Solution File, Format Version 12.00
# Visual Studio Version 17
VisualStudioVersion = 17.14.35906.104
MinimumVisualStudioVersion = 10.0.40219.1
Project("{FAE04EC0-301F-11D3-BF4B-00C04F79EFBC}") = "Application01", "Application01\Application01.csproj", "{CC0E190A-156F-4470-A331-976AD2D2DC29}"
EndProject
Project("{FAE04EC0-301F-11D3-BF4B-00C04F79EFBC}") = "Application02", "Application02\Application02.csproj", "{8419EB7A-A9B8-44A9-BD2D-15B9E6685E88}"
EndProject
Project("{FAE04EC0-301F-11D3-BF4B-00C04F79EFBC}") = "Benchmarks", "Benchmarks\Benchmarks.csproj", "{C6BBB21D-EC1A-4A79-8B56-3816E52F1DB3}"
EndProject
Project("{FAE04EC0-301F-11D3-BF4B-00C04F79EFBC}") = "Benchmarks.Cli", "Benchmarks.Cli\Benchmarks.Cli.csproj", "{6B8EA97F-3DE6-419A-9424-2E77B488DBD8}"
EndProject
Project("{FAE04EC0-301F-11D3-BF4B-00C04F79EFBC}") = "Application03", "Application03\Application03.csproj", "{FBAFCEA8-F8E7-4866-BDF1-0D23F52B72EA}"
EndProject
Project("{FAE04EC0-301F-11D3-BF4B-00C04F79EFBC}") = "Infrastructure", "Infrastructure\Infrastructure.csproj", "{361E9A5A-5B4E-463B-816F-58491443C82E}"
EndProject
Global
	GlobalSection(SolutionConfigurationPlatforms) = preSolution
		Debug|Any CPU = Debug|Any CPU
		Release|Any CPU = Release|Any CPU
	EndGlobalSection
	GlobalSection(ProjectConfigurationPlatforms) = postSolution
		{CC0E190A-156F-4470-A331-976AD2D2DC29}.Debug|Any CPU.ActiveCfg = Debug|Any CPU
		{CC0E190A-156F-4470-A331-976AD2D2DC29}.Debug|Any CPU.Build.0 = Debug|Any CPU
		{CC0E190A-156F-4470-A331-976AD2D2DC29}.Release|Any CPU.ActiveCfg = Release|Any CPU
		{CC0E190A-156F-4470-A331-976AD2D2DC29}.Release|Any CPU.Build.0 = Release|Any CPU
		{8419EB7A-A9B8-44A9-BD2D-15B9E6685E88}.Debug|Any CPU.ActiveCfg = Debug|Any CPU
		{8419EB7A-A9B8-44A9-BD2D-15B9E6685E88}.Debug|Any CPU.Build.0 = Debug|Any CPU
		{8419EB7A-A9B8-44A9-BD2D-15B9E6685E88}.Release|Any CPU.ActiveCfg = Release|Any CPU
		{8419EB7A-A9B8-44A9-BD2D-15B9E6685E88}.Release|Any CPU.Build.0 = Release|Any CPU
		{C6BBB21D-EC1A-4A79-8B56-3816E52F1DB3}.Debug|Any CPU.ActiveCfg = Debug|Any CPU
		{C6BBB21D-EC1A-4A79-8B56-3816E52F1DB3}.Debug|Any CPU.Build.0 = Debug|Any CPU
		{C6BBB21D-EC1A-4A79-8B56-3816E52F1DB3}.Release|Any CPU.ActiveCfg = Release|Any CPU
		{C6BBB21D-EC1A-4A79-8B56-3816E52F1DB3}.Release|Any CPU.Build.0 = Release|Any CPU
		{6B8EA97F-3DE6-419A-9424-2E77B488DBD8}.Debug|Any CPU.ActiveCfg = Debug|Any CPU
		{6B8EA97F-3DE6-419A-9424-2E77B488DBD8}.Debug|Any CPU.Build.0 = Debug|Any CPU
		{6B8EA97F-3DE6-419A-9424-2E77B488DBD8}.Release|Any CPU.ActiveCfg = Release|Any CPU
		{6B8EA97F-3DE6-419A-9424-2E77B488DBD8}.Release|Any CPU.Build.0 = Release|Any CPU
		{FBAFCEA8-F8E7-4866-BDF1-0D23F52B72EA}.Debug|Any CPU.ActiveCfg = Debug|Any CPU
		{FBAFCEA8-F8E7-4866-BDF1-0D23F52B72EA}.Debug|Any CPU.Build.0 = Debug|Any CPU
		{FBAFCEA8-F8E7-4866-BDF1-0D23F52B72EA}.Release|Any CPU.ActiveCfg = Release|Any CPU
		{FBAFCEA8-F8E7-4866-BDF1-0D23F52B72EA}.Release|Any CPU.Build.0 = Release|Any CPU
		{361E9A5A-5B4E-463B-816F-58491443C82E}.Debug|Any CPU.ActiveCfg = Debug|Any CPU
		{361E9A5A-5B4E-463B-816F-58491443C82E}.Debug|Any CPU.Build.0 = Debug|Any CPU
		{361E9A5A-5B4E-463B-816F-58491443C82E}.Release|Any CPU.ActiveCfg = Release|Any CPU
		{361E9A5A-5B4E-463B-816F-58491443C82E}.Release|Any CPU.Build.0 = Release|Any CPU
	EndGlobalSection
	GlobalSection(SolutionProperties) = preSolution
		HideSolutionNode = FALSE
	EndGlobalSection
	GlobalSection(ExtensibilityGlobals) = postSolution
		SolutionGuid = {1A292CF9-607D-4CD6-8301-3440BADD0454}
	EndGlobalSection
EndGlobal
